// !$*UTF8*$!
{
	archiveVersion = 1;
	classes = {
	};
	objectVersion = 50;
	objects = {

/* Begin PBXBuildFile section */
		313FE06C20C574FE00D7B4F3 /* PBSmartCardUtils.m in Sources */ = {isa = PBXBuildFile; fileRef = 313FE06B20C574FE00D7B4F3 /* PBSmartCardUtils.m */; };
		3159CEB820C1406E00AB0F29 /* AppDelegate.m in Sources */ = {isa = PBXBuildFile; fileRef = 3159CEB720C1406E00AB0F29 /* AppDelegate.m */; };
		3159CEBB20C1406E00AB0F29 /* ViewController.m in Sources */ = {isa = PBXBuildFile; fileRef = 3159CEBA20C1406E00AB0F29 /* ViewController.m */; };
		3159CEBE20C1406E00AB0F29 /* Main.storyboard in Resources */ = {isa = PBXBuildFile; fileRef = 3159CEBC20C1406E00AB0F29 /* Main.storyboard */; };
		3159CEC020C1406F00AB0F29 /* Assets.xcassets in Resources */ = {isa = PBXBuildFile; fileRef = 3159CEBF20C1406F00AB0F29 /* Assets.xcassets */; };
		3159CEC320C1406F00AB0F29 /* LaunchScreen.storyboard in Resources */ = {isa = PBXBuildFile; fileRef = 3159CEC120C1406F00AB0F29 /* LaunchScreen.storyboard */; };
		3159CEC620C1406F00AB0F29 /* main.m in Sources */ = {isa = PBXBuildFile; fileRef = 3159CEC520C1406F00AB0F29 /* main.m */; };
		3159CEDF20C1409700AB0F29 /* ADD_LIBRARY_HERE.txt in Resources */ = {isa = PBXBuildFile; fileRef = 3159CECD20C1409700AB0F29 /* ADD_LIBRARY_HERE.txt */; };
		3159CEE020C1409700AB0F29 /* libiOSLibrary.a in Frameworks */ = {isa = PBXBuildFile; fileRef = 3159CECE20C1409700AB0F29 /* libiOSLibrary.a */; };
		3159CEE120C1409700AB0F29 /* ADD_HEADERS_HERE.txt in Resources */ = {isa = PBXBuildFile; fileRef = 3159CED020C1409700AB0F29 /* ADD_HEADERS_HERE.txt */; };
		3159CEE420C1550E00AB0F29 /* AudioToolbox.framework in Frameworks */ = {isa = PBXBuildFile; fileRef = 3159CEE320C1550E00AB0F29 /* AudioToolbox.framework */; };
/* End PBXBuildFile section */

/* Begin PBXFileReference section */
		313FE06A20C574FE00D7B4F3 /* PBSmartCardUtils.h */ = {isa = PBXFileReference; lastKnownFileType = sourcecode.c.h; path = PBSmartCardUtils.h; sourceTree = "<group>"; };
		313FE06B20C574FE00D7B4F3 /* PBSmartCardUtils.m */ = {isa = PBXFileReference; lastKnownFileType = sourcecode.c.objc; path = PBSmartCardUtils.m; sourceTree = "<group>"; };
		3159CEB320C1406E00AB0F29 /* SmartCardSampleOBJC2.app */ = {isa = PBXFileReference; explicitFileType = wrapper.application; includeInIndex = 0; path = SmartCardSampleOBJC2.app; sourceTree = BUILT_PRODUCTS_DIR; };
		3159CEB620C1406E00AB0F29 /* AppDelegate.h */ = {isa = PBXFileReference; lastKnownFileType = sourcecode.c.h; path = AppDelegate.h; sourceTree = "<group>"; };
		3159CEB720C1406E00AB0F29 /* AppDelegate.m */ = {isa = PBXFileReference; lastKnownFileType = sourcecode.c.objc; path = AppDelegate.m; sourceTree = "<group>"; };
		3159CEB920C1406E00AB0F29 /* ViewController.h */ = {isa = PBXFileReference; lastKnownFileType = sourcecode.c.h; path = ViewController.h; sourceTree = "<group>"; };
		3159CEBA20C1406E00AB0F29 /* ViewController.m */ = {isa = PBXFileReference; lastKnownFileType = sourcecode.c.objc; path = ViewController.m; sourceTree = "<group>"; };
		3159CEBD20C1406E00AB0F29 /* Base */ = {isa = PBXFileReference; lastKnownFileType = file.storyboard; name = Base; path = Base.lproj/Main.storyboard; sourceTree = "<group>"; };
		3159CEBF20C1406F00AB0F29 /* Assets.xcassets */ = {isa = PBXFileReference; lastKnownFileType = folder.assetcatalog; path = Assets.xcassets; sourceTree = "<group>"; };
		3159CEC220C1406F00AB0F29 /* Base */ = {isa = PBXFileReference; lastKnownFileType = file.storyboard; name = Base; path = Base.lproj/LaunchScreen.storyboard; sourceTree = "<group>"; };
		3159CEC420C1406F00AB0F29 /* Info.plist */ = {isa = PBXFileReference; lastKnownFileType = text.plist.xml; path = Info.plist; sourceTree = "<group>"; };
		3159CEC520C1406F00AB0F29 /* main.m */ = {isa = PBXFileReference; lastKnownFileType = sourcecode.c.objc; path = main.m; sourceTree = "<group>"; };
		3159CECD20C1409700AB0F29 /* ADD_LIBRARY_HERE.txt */ = {isa = PBXFileReference; fileEncoding = 4; lastKnownFileType = text; path = ADD_LIBRARY_HERE.txt; sourceTree = "<group>"; };
		3159CECE20C1409700AB0F29 /* libiOSLibrary.a */ = {isa = PBXFileReference; lastKnownFileType = archive.ar; path = libiOSLibrary.a; sourceTree = "<group>"; };
		3159CED020C1409700AB0F29 /* ADD_HEADERS_HERE.txt */ = {isa = PBXFileReference; fileEncoding = 4; lastKnownFileType = text; path = ADD_HEADERS_HERE.txt; sourceTree = "<group>"; };
		3159CED120C1409700AB0F29 /* PBBiometryTemplate.h */ = {isa = PBXFileReference; fileEncoding = 4; lastKnownFileType = sourcecode.c.h; path = PBBiometryTemplate.h; sourceTree = "<group>"; };
		3159CED220C1409700AB0F29 /* PBBiometryVerifyConfig.h */ = {isa = PBXFileReference; fileEncoding = 4; lastKnownFileType = sourcecode.c.h; path = PBBiometryVerifyConfig.h; sourceTree = "<group>"; };
		3159CED320C1409700AB0F29 /* PBLibrary.h */ = {isa = PBXFileReference; fileEncoding = 4; lastKnownFileType = sourcecode.c.h; path = PBLibrary.h; sourceTree = "<group>"; };
		3159CED420C1409700AB0F29 /* PBBiometryFinger.h */ = {isa = PBXFileReference; fileEncoding = 4; lastKnownFileType = sourcecode.c.h; path = PBBiometryFinger.h; sourceTree = "<group>"; };
		3159CED520C1409700AB0F29 /* PBAccessory.h */ = {isa = PBXFileReference; fileEncoding = 4; lastKnownFileType = sourcecode.c.h; path = PBAccessory.h; sourceTree = "<group>"; };
		3159CED620C1409700AB0F29 /* PBBiometryDatabase.h */ = {isa = PBXFileReference; fileEncoding = 4; lastKnownFileType = sourcecode.c.h; path = PBBiometryDatabase.h; sourceTree = "<group>"; };
		3159CED720C1409700AB0F29 /* PBBiometryVerifier.h */ = {isa = PBXFileReference; fileEncoding = 4; lastKnownFileType = sourcecode.c.h; path = PBBiometryVerifier.h; sourceTree = "<group>"; };
		3159CED820C1409700AB0F29 /* wintypes.h */ = {isa = PBXFileReference; fileEncoding = 4; lastKnownFileType = sourcecode.c.h; path = wintypes.h; sourceTree = "<group>"; };
		3159CED920C1409700AB0F29 /* winscard.h */ = {isa = PBXFileReference; fileEncoding = 4; lastKnownFileType = sourcecode.c.h; path = winscard.h; sourceTree = "<group>"; };
		3159CEDA20C1409700AB0F29 /* PBBiometryUser.h */ = {isa = PBXFileReference; fileEncoding = 4; lastKnownFileType = sourcecode.c.h; path = PBBiometryUser.h; sourceTree = "<group>"; };
		3159CEDB20C1409700AB0F29 /* PBBiometryGUI.h */ = {isa = PBXFileReference; fileEncoding = 4; lastKnownFileType = sourcecode.c.h; path = PBBiometryGUI.h; sourceTree = "<group>"; };
		3159CEDC20C1409700AB0F29 /* PBBiometry.h */ = {isa = PBXFileReference; fileEncoding = 4; lastKnownFileType = sourcecode.c.h; path = PBBiometry.h; sourceTree = "<group>"; };
		3159CEDD20C1409700AB0F29 /* PBSmartcard.h */ = {isa = PBXFileReference; fileEncoding = 4; lastKnownFileType = sourcecode.c.h; path = PBSmartcard.h; sourceTree = "<group>"; };
		3159CEDE20C1409700AB0F29 /* PBBiometryEnrollConfig.h */ = {isa = PBXFileReference; fileEncoding = 4; lastKnownFileType = sourcecode.c.h; path = PBBiometryEnrollConfig.h; sourceTree = "<group>"; };
		3159CEE320C1550E00AB0F29 /* AudioToolbox.framework */ = {isa = PBXFileReference; lastKnownFileType = wrapper.framework; name = AudioToolbox.framework; path = System/Library/Frameworks/AudioToolbox.framework; sourceTree = SDKROOT; };
/* End PBXFileReference section */

/* Begin PBXFrameworksBuildPhase section */
		3159CEB020C1406E00AB0F29 /* Frameworks */ = {
			isa = PBXFrameworksBuildPhase;
			buildActionMask = 2147483647;
			files = (
				3159CEE420C1550E00AB0F29 /* AudioToolbox.framework in Frameworks */,
				3159CEE020C1409700AB0F29 /* libiOSLibrary.a in Frameworks */,
			);
			runOnlyForDeploymentPostprocessing = 0;
		};
/* End PBXFrameworksBuildPhase section */

/* Begin PBXGroup section */
		3159CEAA20C1406E00AB0F29 = {
			isa = PBXGroup;
			children = (
				3159CECF20C1409700AB0F29 /* include */,
				3159CECC20C1409700AB0F29 /* lib */,
				3159CEB520C1406E00AB0F29 /* SmartCardSampleOBJC2 */,
				3159CEB420C1406E00AB0F29 /* Products */,
				3159CEE220C1550E00AB0F29 /* Frameworks */,
			);
			sourceTree = "<group>";
		};
		3159CEB420C1406E00AB0F29 /* Products */ = {
			isa = PBXGroup;
			children = (
				3159CEB320C1406E00AB0F29 /* SmartCardSampleOBJC2.app */,
			);
			name = Products;
			sourceTree = "<group>";
		};
		3159CEB520C1406E00AB0F29 /* SmartCardSampleOBJC2 */ = {
			isa = PBXGroup;
			children = (
				3159CEB620C1406E00AB0F29 /* AppDelegate.h */,
				3159CEB720C1406E00AB0F29 /* AppDelegate.m */,
				3159CEB920C1406E00AB0F29 /* ViewController.h */,
				3159CEBA20C1406E00AB0F29 /* ViewController.m */,
				3159CEBC20C1406E00AB0F29 /* Main.storyboard */,
				3159CEBF20C1406F00AB0F29 /* Assets.xcassets */,
				3159CEC120C1406F00AB0F29 /* LaunchScreen.storyboard */,
				3159CEC420C1406F00AB0F29 /* Info.plist */,
				3159CEC520C1406F00AB0F29 /* main.m */,
				313FE06A20C574FE00D7B4F3 /* PBSmartCardUtils.h */,
				313FE06B20C574FE00D7B4F3 /* PBSmartCardUtils.m */,
			);
			path = SmartCardSampleOBJC2;
			sourceTree = "<group>";
		};
		3159CECC20C1409700AB0F29 /* lib */ = {
			isa = PBXGroup;
			children = (
				3159CECD20C1409700AB0F29 /* ADD_LIBRARY_HERE.txt */,
				3159CECE20C1409700AB0F29 /* libiOSLibrary.a */,
			);
			path = lib;
			sourceTree = "<group>";
		};
		3159CECF20C1409700AB0F29 /* include */ = {
			isa = PBXGroup;
			children = (
				3159CED020C1409700AB0F29 /* ADD_HEADERS_HERE.txt */,
				3159CED120C1409700AB0F29 /* PBBiometryTemplate.h */,
				3159CED220C1409700AB0F29 /* PBBiometryVerifyConfig.h */,
				3159CED320C1409700AB0F29 /* PBLibrary.h */,
				3159CED420C1409700AB0F29 /* PBBiometryFinger.h */,
				3159CED520C1409700AB0F29 /* PBAccessory.h */,
				3159CED620C1409700AB0F29 /* PBBiometryDatabase.h */,
				3159CED720C1409700AB0F29 /* PBBiometryVerifier.h */,
				3159CED820C1409700AB0F29 /* wintypes.h */,
				3159CED920C1409700AB0F29 /* winscard.h */,
				3159CEDA20C1409700AB0F29 /* PBBiometryUser.h */,
				3159CEDB20C1409700AB0F29 /* PBBiometryGUI.h */,
				3159CEDC20C1409700AB0F29 /* PBBiometry.h */,
				3159CEDD20C1409700AB0F29 /* PBSmartcard.h */,
				3159CEDE20C1409700AB0F29 /* PBBiometryEnrollConfig.h */,
			);
			path = include;
			sourceTree = "<group>";
		};
		3159CEE220C1550E00AB0F29 /* Frameworks */ = {
			isa = PBXGroup;
			children = (
				3159CEE320C1550E00AB0F29 /* AudioToolbox.framework */,
			);
			name = Frameworks;
			sourceTree = "<group>";
		};
/* End PBXGroup section */

/* Begin PBXNativeTarget section */
		3159CEB220C1406E00AB0F29 /* SmartCardSampleOBJC2 */ = {
			isa = PBXNativeTarget;
			buildConfigurationList = 3159CEC920C1406F00AB0F29 /* Build configuration list for PBXNativeTarget "SmartCardSampleOBJC2" */;
			buildPhases = (
				3159CEAF20C1406E00AB0F29 /* Sources */,
				3159CEB020C1406E00AB0F29 /* Frameworks */,
				3159CEB120C1406E00AB0F29 /* Resources */,
			);
			buildRules = (
			);
			dependencies = (
			);
			name = SmartCardSampleOBJC2;
			productName = SmartCardSampleOBJC2;
			productReference = 3159CEB320C1406E00AB0F29 /* SmartCardSampleOBJC2.app */;
			productType = "com.apple.product-type.application";
		};
/* End PBXNativeTarget section */

/* Begin PBXProject section */
		3159CEAB20C1406E00AB0F29 /* Project object */ = {
			isa = PBXProject;
			attributes = {
				LastUpgradeCheck = 0940;
				ORGANIZATIONNAME = "Identos GmbH";
				TargetAttributes = {
					3159CEB220C1406E00AB0F29 = {
						CreatedOnToolsVersion = 9.4;
					};
				};
			};
			buildConfigurationList = 3159CEAE20C1406E00AB0F29 /* Build configuration list for PBXProject "SmartCardSampleOBJC2" */;
			compatibilityVersion = "Xcode 9.3";
			developmentRegion = en;
			hasScannedForEncodings = 0;
			knownRegions = (
				en,
				Base,
			);
			mainGroup = 3159CEAA20C1406E00AB0F29;
			productRefGroup = 3159CEB420C1406E00AB0F29 /* Products */;
			projectDirPath = "";
			projectRoot = "";
			targets = (
				3159CEB220C1406E00AB0F29 /* SmartCardSampleOBJC2 */,
			);
		};
/* End PBXProject section */

/* Begin PBXResourcesBuildPhase section */
		3159CEB120C1406E00AB0F29 /* Resources */ = {
			isa = PBXResourcesBuildPhase;
			buildActionMask = 2147483647;
			files = (
				3159CEE120C1409700AB0F29 /* ADD_HEADERS_HERE.txt in Resources */,
				3159CEC320C1406F00AB0F29 /* LaunchScreen.storyboard in Resources */,
				3159CEC020C1406F00AB0F29 /* Assets.xcassets in Resources */,
				3159CEDF20C1409700AB0F29 /* ADD_LIBRARY_HERE.txt in Resources */,
				3159CEBE20C1406E00AB0F29 /* Main.storyboard in Resources */,
			);
			runOnlyForDeploymentPostprocessing = 0;
		};
/* End PBXResourcesBuildPhase section */

/* Begin PBXSourcesBuildPhase section */
		3159CEAF20C1406E00AB0F29 /* Sources */ = {
			isa = PBXSourcesBuildPhase;
			buildActionMask = 2147483647;
			files = (
				3159CEBB20C1406E00AB0F29 /* ViewController.m in Sources */,
				313FE06C20C574FE00D7B4F3 /* PBSmartCardUtils.m in Sources */,
				3159CEC620C1406F00AB0F29 /* main.m in Sources */,
				3159CEB820C1406E00AB0F29 /* AppDelegate.m in Sources */,
			);
			runOnlyForDeploymentPostprocessing = 0;
		};
/* End PBXSourcesBuildPhase section */

/* Begin PBXVariantGroup section */
		3159CEBC20C1406E00AB0F29 /* Main.storyboard */ = {
			isa = PBXVariantGroup;
			children = (
				3159CEBD20C1406E00AB0F29 /* Base */,
			);
			name = Main.storyboard;
			sourceTree = "<group>";
		};
		3159CEC120C1406F00AB0F29 /* LaunchScreen.storyboard */ = {
			isa = PBXVariantGroup;
			children = (
				3159CEC220C1406F00AB0F29 /* Base */,
			);
			name = LaunchScreen.storyboard;
			sourceTree = "<group>";
		};
/* End PBXVariantGroup section */

/* Begin XCBuildConfiguration section */
		3159CEC720C1406F00AB0F29 /* Debug */ = {
			isa = XCBuildConfiguration;
			buildSettings = {
				ALWAYS_SEARCH_USER_PATHS = NO;
				CLANG_ANALYZER_NONNULL = YES;
				CLANG_ANALYZER_NUMBER_OBJECT_CONVERSION = YES_AGGRESSIVE;
				CLANG_CXX_LANGUAGE_STANDARD = "gnu++14";
				CLANG_CXX_LIBRARY = "libc++";
				CLANG_ENABLE_MODULES = YES;
				CLANG_ENABLE_OBJC_ARC = YES;
				CLANG_ENABLE_OBJC_WEAK = YES;
				CLANG_WARN_BLOCK_CAPTURE_AUTORELEASING = YES;
				CLANG_WARN_BOOL_CONVERSION = YES;
				CLANG_WARN_COMMA = YES;
				CLANG_WARN_CONSTANT_CONVERSION = YES;
				CLANG_WARN_DEPRECATED_OBJC_IMPLEMENTATIONS = YES;
				CLANG_WARN_DIRECT_OBJC_ISA_USAGE = YES_ERROR;
				CLANG_WARN_DOCUMENTATION_COMMENTS = YES;
				CLANG_WARN_EMPTY_BODY = YES;
				CLANG_WARN_ENUM_CONVERSION = YES;
				CLANG_WARN_INFINITE_RECURSION = YES;
				CLANG_WARN_INT_CONVERSION = YES;
				CLANG_WARN_NON_LITERAL_NULL_CONVERSION = YES;
				CLANG_WARN_OBJC_IMPLICIT_RETAIN_SELF = YES;
				CLANG_WARN_OBJC_LITERAL_CONVERSION = YES;
				CLANG_WARN_OBJC_ROOT_CLASS = YES_ERROR;
				CLANG_WARN_RANGE_LOOP_ANALYSIS = YES;
				CLANG_WARN_STRICT_PROTOTYPES = YES;
				CLANG_WARN_SUSPICIOUS_MOVE = YES;
				CLANG_WARN_UNGUARDED_AVAILABILITY = YES_AGGRESSIVE;
				CLANG_WARN_UNREACHABLE_CODE = YES;
				CLANG_WARN__DUPLICATE_METHOD_MATCH = YES;
				CODE_SIGN_IDENTITY = "iPhone Developer";
				COPY_PHASE_STRIP = NO;
				DEBUG_INFORMATION_FORMAT = dwarf;
				ENABLE_STRICT_OBJC_MSGSEND = YES;
				ENABLE_TESTABILITY = YES;
				GCC_C_LANGUAGE_STANDARD = gnu11;
				GCC_DYNAMIC_NO_PIC = NO;
				GCC_NO_COMMON_BLOCKS = YES;
				GCC_OPTIMIZATION_LEVEL = 0;
				GCC_PREPROCESSOR_DEFINITIONS = (
					"DEBUG=1",
					"$(inherited)",
				);
				GCC_WARN_64_TO_32_BIT_CONVERSION = YES;
				GCC_WARN_ABOUT_RETURN_TYPE = YES_ERROR;
				GCC_WARN_UNDECLARED_SELECTOR = YES;
				GCC_WARN_UNINITIALIZED_AUTOS = YES_AGGRESSIVE;
				GCC_WARN_UNUSED_FUNCTION = YES;
				GCC_WARN_UNUSED_VARIABLE = YES;
				IPHONEOS_DEPLOYMENT_TARGET = 11.4;
				MTL_ENABLE_DEBUG_INFO = YES;
				ONLY_ACTIVE_ARCH = YES;
				SDKROOT = iphoneos;
			};
			name = Debug;
		};
		3159CEC820C1406F00AB0F29 /* Release */ = {
			isa = XCBuildConfiguration;
			buildSettings = {
				ALWAYS_SEARCH_USER_PATHS = NO;
				CLANG_ANALYZER_NONNULL = YES;
				CLANG_ANALYZER_NUMBER_OBJECT_CONVERSION = YES_AGGRESSIVE;
				CLANG_CXX_LANGUAGE_STANDARD = "gnu++14";
				CLANG_CXX_LIBRARY = "libc++";
				CLANG_ENABLE_MODULES = YES;
				CLANG_ENABLE_OBJC_ARC = YES;
				CLANG_ENABLE_OBJC_WEAK = YES;
				CLANG_WARN_BLOCK_CAPTURE_AUTORELEASING = YES;
				CLANG_WARN_BOOL_CONVERSION = YES;
				CLANG_WARN_COMMA = YES;
				CLANG_WARN_CONSTANT_CONVERSION = YES;
				CLANG_WARN_DEPRECATED_OBJC_IMPLEMENTATIONS = YES;
				CLANG_WARN_DIRECT_OBJC_ISA_USAGE = YES_ERROR;
				CLANG_WARN_DOCUMENTATION_COMMENTS = YES;
				CLANG_WARN_EMPTY_BODY = YES;
				CLANG_WARN_ENUM_CONVERSION = YES;
				CLANG_WARN_INFINITE_RECURSION = YES;
				CLANG_WARN_INT_CONVERSION = YES;
				CLANG_WARN_NON_LITERAL_NULL_CONVERSION = YES;
				CLANG_WARN_OBJC_IMPLICIT_RETAIN_SELF = YES;
				CLANG_WARN_OBJC_LITERAL_CONVERSION = YES;
				CLANG_WARN_OBJC_ROOT_CLASS = YES_ERROR;
				CLANG_WARN_RANGE_LOOP_ANALYSIS = YES;
				CLANG_WARN_STRICT_PROTOTYPES = YES;
				CLANG_WARN_SUSPICIOUS_MOVE = YES;
				CLANG_WARN_UNGUARDED_AVAILABILITY = YES_AGGRESSIVE;
				CLANG_WARN_UNREACHABLE_CODE = YES;
				CLANG_WARN__DUPLICATE_METHOD_MATCH = YES;
				CODE_SIGN_IDENTITY = "iPhone Developer";
				COPY_PHASE_STRIP = NO;
				DEBUG_INFORMATION_FORMAT = "dwarf-with-dsym";
				ENABLE_NS_ASSERTIONS = NO;
				ENABLE_STRICT_OBJC_MSGSEND = YES;
				GCC_C_LANGUAGE_STANDARD = gnu11;
				GCC_NO_COMMON_BLOCKS = YES;
				GCC_WARN_64_TO_32_BIT_CONVERSION = YES;
				GCC_WARN_ABOUT_RETURN_TYPE = YES_ERROR;
				GCC_WARN_UNDECLARED_SELECTOR = YES;
				GCC_WARN_UNINITIALIZED_AUTOS = YES_AGGRESSIVE;
				GCC_WARN_UNUSED_FUNCTION = YES;
				GCC_WARN_UNUSED_VARIABLE = YES;
				IPHONEOS_DEPLOYMENT_TARGET = 11.4;
				MTL_ENABLE_DEBUG_INFO = NO;
				SDKROOT = iphoneos;
				VALIDATE_PRODUCT = YES;
			};
			name = Release;
		};
		3159CECA20C1406F00AB0F29 /* Debug */ = {
			isa = XCBuildConfiguration;
			buildSettings = {
				ASSETCATALOG_COMPILER_APPICON_NAME = AppIcon;
				CODE_SIGN_STYLE = Automatic;
				DEVELOPMENT_TEAM = J684S2VTXJ;
				INFOPLIST_FILE = SmartCardSampleOBJC2/Info.plist;
				LD_RUNPATH_SEARCH_PATHS = (
					"$(inherited)",
					"@executable_path/Frameworks",
				);
				LIBRARY_SEARCH_PATHS = (
					"$(inherited)",
					"$(PROJECT_DIR)/lib",
				);
				PRODUCT_BUNDLE_IDENTIFIER = com.identos.SmartCardSampleOBJC2;
				PRODUCT_NAME = "$(TARGET_NAME)";
				TARGETED_DEVICE_FAMILY = "1,2";
			};
			name = Debug;
		};
		3159CECB20C1406F00AB0F29 /* Release */ = {
			isa = XCBuildConfiguration;
			buildSettings = {
				ASSETCATALOG_COMPILER_APPICON_NAME = AppIcon;
				CODE_SIGN_STYLE = Automatic;
				DEVELOPMENT_TEAM = J684S2VTXJ;
				INFOPLIST_FILE = SmartCardSampleOBJC2/Info.plist;
				LD_RUNPATH_SEARCH_PATHS = (
					"$(inherited)",
					"@executable_path/Frameworks",
				);
				LIBRARY_SEARCH_PATHS = (
					"$(inherited)",
					"$(PROJECT_DIR)/lib",
				);
				PRODUCT_BUNDLE_IDENTIFIER = com.identos.SmartCardSampleOBJC2;
				PRODUCT_NAME = "$(TARGET_NAME)";
				TARGETED_DEVICE_FAMILY = "1,2";
			};
			name = Release;
		};
/* End XCBuildConfiguration section */

/* Begin XCConfigurationList section */
		3159CEAE20C1406E00AB0F29 /* Build configuration list for PBXProject "SmartCardSampleOBJC2" */ = {
			isa = XCConfigurationList;
			buildConfigurations = (
				3159CEC720C1406F00AB0F29 /* Debug */,
				3159CEC820C1406F00AB0F29 /* Release */,
			);
			defaultConfigurationIsVisible = 0;
			defaultConfigurationName = Release;
		};
		3159CEC920C1406F00AB0F29 /* Build configuration list for PBXNativeTarget "SmartCardSampleOBJC2" */ = {
			isa = XCConfigurationList;
			buildConfigurations = (
				3159CECA20C1406F00AB0F29 /* Debug */,
				3159CECB20C1406F00AB0F29 /* Release */,
			);
			defaultConfigurationIsVisible = 0;
			defaultConfigurationName = Release;
		};
/* End XCConfigurationList section */
	};
	rootObject = 3159CEAB20C1406E00AB0F29 /* Project object */;
}
